
Microsoft Visual Studio Solution File, Format Version 12.00
# Visual Studio Version 17
VisualStudioVersion = 17.2.32505.173
MinimumVisualStudioVersion = 10.0.40219.1
Project("{9A19103F-16F7-4668-BE54-9A1E7A4F7556}") = "Entities", "Entities\Entities.csproj", "{284EA3F0-4B25-4CEA-8330-924221F01250}"
EndProject
Project("{9A19103F-16F7-4668-BE54-9A1E7A4F7556}") = "DataAccess", "DataAccess\DataAccess.csproj", "{FA5F4016-66CA-460D-9A41-4335DB3DFABF}"
EndProject
Project("{9A19103F-16F7-4668-BE54-9A1E7A4F7556}") = "Business", "Business\Business.csproj", "{0C597113-DBB9-4533-811F-9C116845E486}"
EndProject
Project("{9A19103F-16F7-4668-BE54-9A1E7A4F7556}") = "ConsoleUI", "ConsoleUI\ConsoleUI.csproj", "{6EA3DD91-ABC8-4DD7-8D77-C07081DC9AD9}"
EndProject
Project("{FAE04EC0-301F-11D3-BF4B-00C04F79EFBC}") = "Core", "Core\Core.csproj", "{DF689DCE-63F1-4070-998F-64587305A4B7}"
EndProject
Global
	GlobalSection(SolutionConfigurationPlatforms) = preSolution
		Debug|Any CPU = Debug|Any CPU
		Release|Any CPU = Release|Any CPU
	EndGlobalSection
	GlobalSection(ProjectConfigurationPlatforms) = postSolution
		{284EA3F0-4B25-4CEA-8330-924221F01250}.Debug|Any CPU.ActiveCfg = Debug|Any CPU
		{284EA3F0-4B25-4CEA-8330-924221F01250}.Debug|Any CPU.Build.0 = Debug|Any CPU
		{284EA3F0-4B25-4CEA-8330-924221F01250}.Release|Any CPU.ActiveCfg = Release|Any CPU
		{284EA3F0-4B25-4CEA-8330-924221F01250}.Release|Any CPU.Build.0 = Release|Any CPU
		{FA5F4016-66CA-460D-9A41-4335DB3DFABF}.Debug|Any CPU.ActiveCfg = Debug|Any CPU
		{FA5F4016-66CA-460D-9A41-4335DB3DFABF}.Debug|Any CPU.Build.0 = Debug|Any CPU
		{FA5F4016-66CA-460D-9A41-4335DB3DFABF}.Release|Any CPU.ActiveCfg = Release|Any CPU
		{FA5F4016-66CA-460D-9A41-4335DB3DFABF}.Release|Any CPU.Build.0 = Release|Any CPU
		{0C597113-DBB9-4533-811F-9C116845E486}.Debug|Any CPU.ActiveCfg = Debug|Any CPU
		{0C597113-DBB9-4533-811F-9C116845E486}.Debug|Any CPU.Build.0 = Debug|Any CPU
		{0C597113-DBB9-4533-811F-9C116845E486}.Release|Any CPU.ActiveCfg = Release|Any CPU
		{0C597113-DBB9-4533-811F-9C116845E486}.Release|Any CPU.Build.0 = Release|Any CPU
		{6EA3DD91-ABC8-4DD7-8D77-C07081DC9AD9}.Debug|Any CPU.ActiveCfg = Debug|Any CPU
		{6EA3DD91-ABC8-4DD7-8D77-C07081DC9AD9}.Debug|Any CPU.Build.0 = Debug|Any CPU
		{6EA3DD91-ABC8-4DD7-8D77-C07081DC9AD9}.Release|Any CPU.ActiveCfg = Release|Any CPU
		{6EA3DD91-ABC8-4DD7-8D77-C07081DC9AD9}.Release|Any CPU.Build.0 = Release|Any CPU
		{DF689DCE-63F1-4070-998F-64587305A4B7}.Debug|Any CPU.ActiveCfg = Debug|Any CPU
		{DF689DCE-63F1-4070-998F-64587305A4B7}.Debug|Any CPU.Build.0 = Debug|Any CPU
		{DF689DCE-63F1-4070-998F-64587305A4B7}.Release|Any CPU.ActiveCfg = Release|Any CPU
		{DF689DCE-63F1-4070-998F-64587305A4B7}.Release|Any CPU.Build.0 = Release|Any CPU
	EndGlobalSection
	GlobalSection(SolutionProperties) = preSolution
		HideSolutionNode = FALSE
	EndGlobalSection
	GlobalSection(ExtensibilityGlobals) = postSolution
		SolutionGuid = {474B8499-2AF5-4756-BC49-9BF45C545400}
	EndGlobalSection
EndGlobal
